// !$*UTF8*$!
{
	archiveVersion = 1;
	classes = {
	};
	objectVersion = 46;
	objects = {

/* Begin PBXBuildFile section */
		4D06AC68188A976C00ED425F /* Foundation.framework in Frameworks */ = {isa = PBXBuildFile; fileRef = 4D06AC67188A976C00ED425F /* Foundation.framework */; };
		4D06AC6A188A976C00ED425F /* CoreGraphics.framework in Frameworks */ = {isa = PBXBuildFile; fileRef = 4D06AC69188A976C00ED425F /* CoreGraphics.framework */; };
		4D06AC6C188A976C00ED425F /* UIKit.framework in Frameworks */ = {isa = PBXBuildFile; fileRef = 4D06AC6B188A976C00ED425F /* UIKit.framework */; };
		4D06AC72188A976C00ED425F /* InfoPlist.strings in Resources */ = {isa = PBXBuildFile; fileRef = 4D06AC70188A976C00ED425F /* InfoPlist.strings */; };
		4D06AC74188A976C00ED425F /* main.m in Sources */ = {isa = PBXBuildFile; fileRef = 4D06AC73188A976C00ED425F /* main.m */; };
		4D06AC78188A976C00ED425F /* SVAppDelegate.m in Sources */ = {isa = PBXBuildFile; fileRef = 4D06AC77188A976C00ED425F /* SVAppDelegate.m */; };
		4D06AC7A188A976C00ED425F /* Images.xcassets in Resources */ = {isa = PBXBuildFile; fileRef = 4D06AC79188A976C00ED425F /* Images.xcassets */; };
		4D06AC81188A976C00ED425F /* XCTest.framework in Frameworks */ = {isa = PBXBuildFile; fileRef = 4D06AC80188A976C00ED425F /* XCTest.framework */; };
		4D06AC82188A976C00ED425F /* Foundation.framework in Frameworks */ = {isa = PBXBuildFile; fileRef = 4D06AC67188A976C00ED425F /* Foundation.framework */; };
		4D06AC83188A976C00ED425F /* UIKit.framework in Frameworks */ = {isa = PBXBuildFile; fileRef = 4D06AC6B188A976C00ED425F /* UIKit.framework */; };
		4D06AC8B188A976C00ED425F /* InfoPlist.strings in Resources */ = {isa = PBXBuildFile; fileRef = 4D06AC89188A976C00ED425F /* InfoPlist.strings */; };
		4D154D841892B97100E8E303 /* SVPawnView.m in Sources */ = {isa = PBXBuildFile; fileRef = 4D154D831892B97100E8E303 /* SVPawnView.m */; };
		4D154D871892BB0E00E8E303 /* SVBoardView.m in Sources */ = {isa = PBXBuildFile; fileRef = 4D154D861892BB0E00E8E303 /* SVBoardView.m */; };
		4D154D8A1892D25500E8E303 /* SVWallView.m in Sources */ = {isa = PBXBuildFile; fileRef = 4D154D891892D25500E8E303 /* SVWallView.m */; };
		4D1CEBF8189140D200757A75 /* GameKit.framework in Frameworks */ = {isa = PBXBuildFile; fileRef = 4D1CEBF7189140D200757A75 /* GameKit.framework */; };
		4D499E45188AAA13000A48C6 /* SVBoard.m in Sources */ = {isa = PBXBuildFile; fileRef = 4D499E44188AAA13000A48C6 /* SVBoard.m */; };
		4DA11951188D89AB008A8688 /* SVGameViewController.m in Sources */ = {isa = PBXBuildFile; fileRef = 4DA11950188D89AB008A8688 /* SVGameViewController.m */; };
		4DA11954188D89D7008A8688 /* SVSquareView.m in Sources */ = {isa = PBXBuildFile; fileRef = 4DA11953188D89D7008A8688 /* SVSquareView.m */; };
		4DA80C3818955B8600C7F541 /* SVCustomView.m in Sources */ = {isa = PBXBuildFile; fileRef = 4DA80C3718955B8600C7F541 /* SVCustomView.m */; };
		4DA80C3D18955D9800C7F541 /* SVTheme.m in Sources */ = {isa = PBXBuildFile; fileRef = 4DA80C3C18955D9800C7F541 /* SVTheme.m */; };
		4DB703D718981AD200324B2A /* SVRootViewController.m in Sources */ = {isa = PBXBuildFile; fileRef = 4DB703D618981AD200324B2A /* SVRootViewController.m */; };
		4DB703DA18981F8D00324B2A /* SVGamesTableViewController.m in Sources */ = {isa = PBXBuildFile; fileRef = 4DB703D918981F8D00324B2A /* SVGamesTableViewController.m */; };
		4DD226F51890295D0095D71D /* SVWall.m in Sources */ = {isa = PBXBuildFile; fileRef = 4DD226F41890295D0095D71D /* SVWall.m */; };
		4DD226F7189033F70095D71D /* SVWallTest.m in Sources */ = {isa = PBXBuildFile; fileRef = 4DD226F6189033F70095D71D /* SVWallTest.m */; };
		4DD226F9189034020095D71D /* SVPositionTest.m in Sources */ = {isa = PBXBuildFile; fileRef = 4DD226F8189034020095D71D /* SVPositionTest.m */; };
		4DE07FF7188C477D00A3251A /* SVPosition.m in Sources */ = {isa = PBXBuildFile; fileRef = 4DE07FF6188C477D00A3251A /* SVPosition.m */; };
		4DF62C32188C28AB00ED83D4 /* SVBoardTest.m in Sources */ = {isa = PBXBuildFile; fileRef = 4DF62C31188C28AB00ED83D4 /* SVBoardTest.m */; };
		4DFEBBDC1895A1CE0051274A /* SVColorButton.m in Sources */ = {isa = PBXBuildFile; fileRef = 4DFEBBDB1895A1CE0051274A /* SVColorButton.m */; };
		4DFEBBE2189691F30051274A /* SVInfoWallView.m in Sources */ = {isa = PBXBuildFile; fileRef = 4DFEBBE1189691F30051274A /* SVInfoWallView.m */; };
/* End PBXBuildFile section */

/* Begin PBXContainerItemProxy section */
		4D06AC84188A976C00ED425F /* PBXContainerItemProxy */ = {
			isa = PBXContainerItemProxy;
			containerPortal = 4D06AC5C188A976C00ED425F /* Project object */;
			proxyType = 1;
			remoteGlobalIDString = 4D06AC63188A976C00ED425F;
			remoteInfo = Walls;
		};
/* End PBXContainerItemProxy section */

/* Begin PBXFileReference section */
		4D06AC64188A976C00ED425F /* Walls.app */ = {isa = PBXFileReference; explicitFileType = wrapper.application; includeInIndex = 0; path = Walls.app; sourceTree = BUILT_PRODUCTS_DIR; };
		4D06AC67188A976C00ED425F /* Foundation.framework */ = {isa = PBXFileReference; lastKnownFileType = wrapper.framework; name = Foundation.framework; path = System/Library/Frameworks/Foundation.framework; sourceTree = SDKROOT; };
		4D06AC69188A976C00ED425F /* CoreGraphics.framework */ = {isa = PBXFileReference; lastKnownFileType = wrapper.framework; name = CoreGraphics.framework; path = System/Library/Frameworks/CoreGraphics.framework; sourceTree = SDKROOT; };
		4D06AC6B188A976C00ED425F /* UIKit.framework */ = {isa = PBXFileReference; lastKnownFileType = wrapper.framework; name = UIKit.framework; path = System/Library/Frameworks/UIKit.framework; sourceTree = SDKROOT; };
		4D06AC6F188A976C00ED425F /* Walls-Info.plist */ = {isa = PBXFileReference; lastKnownFileType = text.plist.xml; path = "Walls-Info.plist"; sourceTree = "<group>"; };
		4D06AC71188A976C00ED425F /* en */ = {isa = PBXFileReference; lastKnownFileType = text.plist.strings; name = en; path = en.lproj/InfoPlist.strings; sourceTree = "<group>"; };
		4D06AC73188A976C00ED425F /* main.m */ = {isa = PBXFileReference; lastKnownFileType = sourcecode.c.objc; path = main.m; sourceTree = "<group>"; };
		4D06AC75188A976C00ED425F /* Walls-Prefix.pch */ = {isa = PBXFileReference; lastKnownFileType = sourcecode.c.h; path = "Walls-Prefix.pch"; sourceTree = "<group>"; };
		4D06AC76188A976C00ED425F /* SVAppDelegate.h */ = {isa = PBXFileReference; lastKnownFileType = sourcecode.c.h; path = SVAppDelegate.h; sourceTree = "<group>"; };
		4D06AC77188A976C00ED425F /* SVAppDelegate.m */ = {isa = PBXFileReference; lastKnownFileType = sourcecode.c.objc; path = SVAppDelegate.m; sourceTree = "<group>"; };
		4D06AC79188A976C00ED425F /* Images.xcassets */ = {isa = PBXFileReference; lastKnownFileType = folder.assetcatalog; path = Images.xcassets; sourceTree = "<group>"; };
		4D06AC7F188A976C00ED425F /* WallsTests.xctest */ = {isa = PBXFileReference; explicitFileType = wrapper.cfbundle; includeInIndex = 0; path = WallsTests.xctest; sourceTree = BUILT_PRODUCTS_DIR; };
		4D06AC80188A976C00ED425F /* XCTest.framework */ = {isa = PBXFileReference; lastKnownFileType = wrapper.framework; name = XCTest.framework; path = Library/Frameworks/XCTest.framework; sourceTree = DEVELOPER_DIR; };
		4D06AC88188A976C00ED425F /* WallsTests-Info.plist */ = {isa = PBXFileReference; lastKnownFileType = text.plist.xml; path = "WallsTests-Info.plist"; sourceTree = "<group>"; };
		4D06AC8A188A976C00ED425F /* en */ = {isa = PBXFileReference; lastKnownFileType = text.plist.strings; name = en; path = en.lproj/InfoPlist.strings; sourceTree = "<group>"; };
		4D154D821892B97100E8E303 /* SVPawnView.h */ = {isa = PBXFileReference; fileEncoding = 4; lastKnownFileType = sourcecode.c.h; path = SVPawnView.h; sourceTree = "<group>"; };
		4D154D831892B97100E8E303 /* SVPawnView.m */ = {isa = PBXFileReference; fileEncoding = 4; lastKnownFileType = sourcecode.c.objc; path = SVPawnView.m; sourceTree = "<group>"; };
		4D154D851892BB0E00E8E303 /* SVBoardView.h */ = {isa = PBXFileReference; fileEncoding = 4; lastKnownFileType = sourcecode.c.h; path = SVBoardView.h; sourceTree = "<group>"; };
		4D154D861892BB0E00E8E303 /* SVBoardView.m */ = {isa = PBXFileReference; fileEncoding = 4; lastKnownFileType = sourcecode.c.objc; path = SVBoardView.m; sourceTree = "<group>"; };
		4D154D881892D25500E8E303 /* SVWallView.h */ = {isa = PBXFileReference; fileEncoding = 4; lastKnownFileType = sourcecode.c.h; path = SVWallView.h; sourceTree = "<group>"; };
		4D154D891892D25500E8E303 /* SVWallView.m */ = {isa = PBXFileReference; fileEncoding = 4; lastKnownFileType = sourcecode.c.objc; path = SVWallView.m; sourceTree = "<group>"; };
		4D1CEBF7189140D200757A75 /* GameKit.framework */ = {isa = PBXFileReference; lastKnownFileType = wrapper.framework; name = GameKit.framework; path = System/Library/Frameworks/GameKit.framework; sourceTree = SDKROOT; };
		4D499E43188AAA13000A48C6 /* SVBoard.h */ = {isa = PBXFileReference; fileEncoding = 4; lastKnownFileType = sourcecode.c.h; path = SVBoard.h; sourceTree = "<group>"; };
		4D499E44188AAA13000A48C6 /* SVBoard.m */ = {isa = PBXFileReference; fileEncoding = 4; lastKnownFileType = sourcecode.c.objc; path = SVBoard.m; sourceTree = "<group>"; };
		4DA1194F188D89AB008A8688 /* SVGameViewController.h */ = {isa = PBXFileReference; fileEncoding = 4; lastKnownFileType = sourcecode.c.h; path = SVGameViewController.h; sourceTree = "<group>"; };
		4DA11950188D89AB008A8688 /* SVGameViewController.m */ = {isa = PBXFileReference; fileEncoding = 4; lastKnownFileType = sourcecode.c.objc; path = SVGameViewController.m; sourceTree = "<group>"; };
		4DA11952188D89D7008A8688 /* SVSquareView.h */ = {isa = PBXFileReference; fileEncoding = 4; lastKnownFileType = sourcecode.c.h; path = SVSquareView.h; sourceTree = "<group>"; };
		4DA11953188D89D7008A8688 /* SVSquareView.m */ = {isa = PBXFileReference; fileEncoding = 4; lastKnownFileType = sourcecode.c.objc; path = SVSquareView.m; sourceTree = "<group>"; };
		4DA80C3618955B8600C7F541 /* SVCustomView.h */ = {isa = PBXFileReference; fileEncoding = 4; lastKnownFileType = sourcecode.c.h; path = SVCustomView.h; sourceTree = "<group>"; };
		4DA80C3718955B8600C7F541 /* SVCustomView.m */ = {isa = PBXFileReference; fileEncoding = 4; lastKnownFileType = sourcecode.c.objc; path = SVCustomView.m; sourceTree = "<group>"; };
		4DA80C3B18955D9800C7F541 /* SVTheme.h */ = {isa = PBXFileReference; fileEncoding = 4; lastKnownFileType = sourcecode.c.h; path = SVTheme.h; sourceTree = "<group>"; };
		4DA80C3C18955D9800C7F541 /* SVTheme.m */ = {isa = PBXFileReference; fileEncoding = 4; lastKnownFileType = sourcecode.c.objc; path = SVTheme.m; sourceTree = "<group>"; };
		4DB703D518981AD200324B2A /* SVRootViewController.h */ = {isa = PBXFileReference; fileEncoding = 4; lastKnownFileType = sourcecode.c.h; path = SVRootViewController.h; sourceTree = "<group>"; };
		4DB703D618981AD200324B2A /* SVRootViewController.m */ = {isa = PBXFileReference; fileEncoding = 4; lastKnownFileType = sourcecode.c.objc; path = SVRootViewController.m; sourceTree = "<group>"; };
		4DB703D818981F8D00324B2A /* SVGamesTableViewController.h */ = {isa = PBXFileReference; fileEncoding = 4; lastKnownFileType = sourcecode.c.h; path = SVGamesTableViewController.h; sourceTree = "<group>"; };
		4DB703D918981F8D00324B2A /* SVGamesTableViewController.m */ = {isa = PBXFileReference; fileEncoding = 4; lastKnownFileType = sourcecode.c.objc; path = SVGamesTableViewController.m; sourceTree = "<group>"; };
		4DD226F31890295D0095D71D /* SVWall.h */ = {isa = PBXFileReference; fileEncoding = 4; lastKnownFileType = sourcecode.c.h; path = SVWall.h; sourceTree = "<group>"; };
		4DD226F41890295D0095D71D /* SVWall.m */ = {isa = PBXFileReference; fileEncoding = 4; lastKnownFileType = sourcecode.c.objc; path = SVWall.m; sourceTree = "<group>"; };
		4DD226F6189033F70095D71D /* SVWallTest.m */ = {isa = PBXFileReference; fileEncoding = 4; lastKnownFileType = sourcecode.c.objc; path = SVWallTest.m; sourceTree = "<group>"; };
		4DD226F8189034020095D71D /* SVPositionTest.m */ = {isa = PBXFileReference; fileEncoding = 4; lastKnownFileType = sourcecode.c.objc; path = SVPositionTest.m; sourceTree = "<group>"; };
		4DE07FF4188C2F8A00A3251A /* SVBoard_private.h */ = {isa = PBXFileReference; lastKnownFileType = sourcecode.c.h; name = SVBoard_private.h; path = ../SVBoard_private.h; sourceTree = "<group>"; };
		4DE07FF5188C477D00A3251A /* SVPosition.h */ = {isa = PBXFileReference; fileEncoding = 4; lastKnownFileType = sourcecode.c.h; path = SVPosition.h; sourceTree = "<group>"; };
		4DE07FF6188C477D00A3251A /* SVPosition.m */ = {isa = PBXFileReference; fileEncoding = 4; lastKnownFileType = sourcecode.c.objc; path = SVPosition.m; sourceTree = "<group>"; };
		4DF62C31188C28AB00ED83D4 /* SVBoardTest.m */ = {isa = PBXFileReference; fileEncoding = 4; lastKnownFileType = sourcecode.c.objc; path = SVBoardTest.m; sourceTree = "<group>"; };
		4DFEBBDA1895A1CE0051274A /* SVColorButton.h */ = {isa = PBXFileReference; fileEncoding = 4; lastKnownFileType = sourcecode.c.h; path = SVColorButton.h; sourceTree = "<group>"; };
		4DFEBBDB1895A1CE0051274A /* SVColorButton.m */ = {isa = PBXFileReference; fileEncoding = 4; lastKnownFileType = sourcecode.c.objc; path = SVColorButton.m; sourceTree = "<group>"; };
		4DFEBBE0189691F30051274A /* SVInfoWallView.h */ = {isa = PBXFileReference; fileEncoding = 4; lastKnownFileType = sourcecode.c.h; path = SVInfoWallView.h; sourceTree = "<group>"; };
		4DFEBBE1189691F30051274A /* SVInfoWallView.m */ = {isa = PBXFileReference; fileEncoding = 4; lastKnownFileType = sourcecode.c.objc; path = SVInfoWallView.m; sourceTree = "<group>"; };
/* End PBXFileReference section */

/* Begin PBXFrameworksBuildPhase section */
		4D06AC61188A976C00ED425F /* Frameworks */ = {
			isa = PBXFrameworksBuildPhase;
			buildActionMask = 2147483647;
			files = (
				4D06AC6A188A976C00ED425F /* CoreGraphics.framework in Frameworks */,
				4D06AC6C188A976C00ED425F /* UIKit.framework in Frameworks */,
				4D06AC68188A976C00ED425F /* Foundation.framework in Frameworks */,
				4D1CEBF8189140D200757A75 /* GameKit.framework in Frameworks */,
			);
			runOnlyForDeploymentPostprocessing = 0;
		};
		4D06AC7C188A976C00ED425F /* Frameworks */ = {
			isa = PBXFrameworksBuildPhase;
			buildActionMask = 2147483647;
			files = (
				4D06AC81188A976C00ED425F /* XCTest.framework in Frameworks */,
				4D06AC83188A976C00ED425F /* UIKit.framework in Frameworks */,
				4D06AC82188A976C00ED425F /* Foundation.framework in Frameworks */,
			);
			runOnlyForDeploymentPostprocessing = 0;
		};
/* End PBXFrameworksBuildPhase section */

/* Begin PBXGroup section */
		4D06AC5B188A976C00ED425F = {
			isa = PBXGroup;
			children = (
				4D06AC6D188A976C00ED425F /* Walls */,
				4D06AC86188A976C00ED425F /* Tests */,
				4D06AC66188A976C00ED425F /* Frameworks */,
				4D06AC65188A976C00ED425F /* Products */,
			);
			sourceTree = "<group>";
		};
		4D06AC65188A976C00ED425F /* Products */ = {
			isa = PBXGroup;
			children = (
				4D06AC64188A976C00ED425F /* Walls.app */,
				4D06AC7F188A976C00ED425F /* WallsTests.xctest */,
			);
			name = Products;
			sourceTree = "<group>";
		};
		4D06AC66188A976C00ED425F /* Frameworks */ = {
			isa = PBXGroup;
			children = (
				4D1CEBF7189140D200757A75 /* GameKit.framework */,
				4D06AC67188A976C00ED425F /* Foundation.framework */,
				4D06AC69188A976C00ED425F /* CoreGraphics.framework */,
				4D06AC6B188A976C00ED425F /* UIKit.framework */,
				4D06AC80188A976C00ED425F /* XCTest.framework */,
			);
			name = Frameworks;
			sourceTree = "<group>";
		};
		4D06AC6D188A976C00ED425F /* Walls */ = {
			isa = PBXGroup;
			children = (
				4D97AC91188A98D30044EEFE /* Models */,
				4D97AC92188A98D80044EEFE /* Controllers */,
				4D97AC93188A98DD0044EEFE /* Views */,
				4DA80C3918955D1700C7F541 /* Others */,
				4D06AC76188A976C00ED425F /* SVAppDelegate.h */,
				4D06AC77188A976C00ED425F /* SVAppDelegate.m */,
				4D06AC79188A976C00ED425F /* Images.xcassets */,
				4D06AC6E188A976C00ED425F /* Supporting Files */,
			);
			path = Walls;
			sourceTree = "<group>";
		};
		4D06AC6E188A976C00ED425F /* Supporting Files */ = {
			isa = PBXGroup;
			children = (
				4D06AC6F188A976C00ED425F /* Walls-Info.plist */,
				4D06AC70188A976C00ED425F /* InfoPlist.strings */,
				4D06AC73188A976C00ED425F /* main.m */,
				4D06AC75188A976C00ED425F /* Walls-Prefix.pch */,
			);
			name = "Supporting Files";
			sourceTree = "<group>";
		};
		4D06AC86188A976C00ED425F /* Tests */ = {
			isa = PBXGroup;
			children = (
				4DF62C31188C28AB00ED83D4 /* SVBoardTest.m */,
				4DD226F6189033F70095D71D /* SVWallTest.m */,
				4DD226F8189034020095D71D /* SVPositionTest.m */,
				4D06AC87188A976C00ED425F /* Supporting Files */,
			);
			name = Tests;
			path = WallsTests;
			sourceTree = "<group>";
		};
		4D06AC87188A976C00ED425F /* Supporting Files */ = {
			isa = PBXGroup;
			children = (
				4D06AC88188A976C00ED425F /* WallsTests-Info.plist */,
				4D06AC89188A976C00ED425F /* InfoPlist.strings */,
			);
			name = "Supporting Files";
			sourceTree = "<group>";
		};
		4D97AC91188A98D30044EEFE /* Models */ = {
			isa = PBXGroup;
			children = (
				4D499E43188AAA13000A48C6 /* SVBoard.h */,
				4DE07FF4188C2F8A00A3251A /* SVBoard_private.h */,
				4D499E44188AAA13000A48C6 /* SVBoard.m */,
				4DD226F31890295D0095D71D /* SVWall.h */,
				4DD226F41890295D0095D71D /* SVWall.m */,
				4DE07FF5188C477D00A3251A /* SVPosition.h */,
				4DE07FF6188C477D00A3251A /* SVPosition.m */,
				4DA80C3B18955D9800C7F541 /* SVTheme.h */,
				4DA80C3C18955D9800C7F541 /* SVTheme.m */,
			);
			name = Models;
			sourceTree = "<group>";
		};
		4D97AC92188A98D80044EEFE /* Controllers */ = {
			isa = PBXGroup;
			children = (
				4DB703D518981AD200324B2A /* SVRootViewController.h */,
				4DB703D618981AD200324B2A /* SVRootViewController.m */,
				4DB703D818981F8D00324B2A /* SVGamesTableViewController.h */,
				4DB703D918981F8D00324B2A /* SVGamesTableViewController.m */,
				4DA1194F188D89AB008A8688 /* SVGameViewController.h */,
				4DA11950188D89AB008A8688 /* SVGameViewController.m */,
			);
			name = Controllers;
			sourceTree = "<group>";
		};
		4D97AC93188A98DD0044EEFE /* Views */ = {
			isa = PBXGroup;
			children = (
				4DA11952188D89D7008A8688 /* SVSquareView.h */,
				4DA11953188D89D7008A8688 /* SVSquareView.m */,
				4D154D851892BB0E00E8E303 /* SVBoardView.h */,
				4D154D861892BB0E00E8E303 /* SVBoardView.m */,
				4D154D821892B97100E8E303 /* SVPawnView.h */,
				4D154D831892B97100E8E303 /* SVPawnView.m */,
				4D154D881892D25500E8E303 /* SVWallView.h */,
				4D154D891892D25500E8E303 /* SVWallView.m */,
				4DA80C3618955B8600C7F541 /* SVCustomView.h */,
				4DA80C3718955B8600C7F541 /* SVCustomView.m */,
				4DFEBBDA1895A1CE0051274A /* SVColorButton.h */,
				4DFEBBDB1895A1CE0051274A /* SVColorButton.m */,
				4DFEBBE0189691F30051274A /* SVInfoWallView.h */,
				4DFEBBE1189691F30051274A /* SVInfoWallView.m */,
			);
			name = Views;
			sourceTree = "<group>";
		};
		4DA80C3918955D1700C7F541 /* Others */ = {
			isa = PBXGroup;
			children = (
			);
			name = Others;
			sourceTree = "<group>";
		};
/* End PBXGroup section */

/* Begin PBXNativeTarget section */
		4D06AC63188A976C00ED425F /* Walls */ = {
			isa = PBXNativeTarget;
			buildConfigurationList = 4D06AC90188A976C00ED425F /* Build configuration list for PBXNativeTarget "Walls" */;
			buildPhases = (
				4D06AC60188A976C00ED425F /* Sources */,
				4D06AC61188A976C00ED425F /* Frameworks */,
				4D06AC62188A976C00ED425F /* Resources */,
			);
			buildRules = (
			);
			dependencies = (
			);
			name = Walls;
			productName = Walls;
			productReference = 4D06AC64188A976C00ED425F /* Walls.app */;
			productType = "com.apple.product-type.application";
		};
		4D06AC7E188A976C00ED425F /* WallsTests */ = {
			isa = PBXNativeTarget;
			buildConfigurationList = 4D06AC93188A976C00ED425F /* Build configuration list for PBXNativeTarget "WallsTests" */;
			buildPhases = (
				4D06AC7B188A976C00ED425F /* Sources */,
				4D06AC7C188A976C00ED425F /* Frameworks */,
				4D06AC7D188A976C00ED425F /* Resources */,
			);
			buildRules = (
			);
			dependencies = (
				4D06AC85188A976C00ED425F /* PBXTargetDependency */,
			);
			name = WallsTests;
			productName = WallsTests;
			productReference = 4D06AC7F188A976C00ED425F /* WallsTests.xctest */;
			productType = "com.apple.product-type.bundle.unit-test";
		};
/* End PBXNativeTarget section */

/* Begin PBXProject section */
		4D06AC5C188A976C00ED425F /* Project object */ = {
			isa = PBXProject;
			attributes = {
				CLASSPREFIX = SV;
				LastUpgradeCheck = 0500;
				ORGANIZATIONNAME = "Sebastien Villar";
				TargetAttributes = {
					4D06AC63188A976C00ED425F = {
						DevelopmentTeam = UUKZY4BP3Y;
						SystemCapabilities = {
							com.apple.GameCenter = {
								enabled = 1;
							};
						};
					};
					4D06AC7E188A976C00ED425F = {
						TestTargetID = 4D06AC63188A976C00ED425F;
					};
				};
			};
			buildConfigurationList = 4D06AC5F188A976C00ED425F /* Build configuration list for PBXProject "Walls" */;
			compatibilityVersion = "Xcode 3.2";
			developmentRegion = English;
			hasScannedForEncodings = 0;
			knownRegions = (
				en,
			);
			mainGroup = 4D06AC5B188A976C00ED425F;
			productRefGroup = 4D06AC65188A976C00ED425F /* Products */;
			projectDirPath = "";
			projectRoot = "";
			targets = (
				4D06AC63188A976C00ED425F /* Walls */,
				4D06AC7E188A976C00ED425F /* WallsTests */,
			);
		};
/* End PBXProject section */

/* Begin PBXResourcesBuildPhase section */
		4D06AC62188A976C00ED425F /* Resources */ = {
			isa = PBXResourcesBuildPhase;
			buildActionMask = 2147483647;
			files = (
				4D06AC72188A976C00ED425F /* InfoPlist.strings in Resources */,
				4D06AC7A188A976C00ED425F /* Images.xcassets in Resources */,
			);
			runOnlyForDeploymentPostprocessing = 0;
		};
		4D06AC7D188A976C00ED425F /* Resources */ = {
			isa = PBXResourcesBuildPhase;
			buildActionMask = 2147483647;
			files = (
				4D06AC8B188A976C00ED425F /* InfoPlist.strings in Resources */,
			);
			runOnlyForDeploymentPostprocessing = 0;
		};
/* End PBXResourcesBuildPhase section */

/* Begin PBXSourcesBuildPhase section */
		4D06AC60188A976C00ED425F /* Sources */ = {
			isa = PBXSourcesBuildPhase;
			buildActionMask = 2147483647;
			files = (
				4DA80C3D18955D9800C7F541 /* SVTheme.m in Sources */,
				4DB703DA18981F8D00324B2A /* SVGamesTableViewController.m in Sources */,
				4D154D8A1892D25500E8E303 /* SVWallView.m in Sources */,
				4D499E45188AAA13000A48C6 /* SVBoard.m in Sources */,
				4DFEBBDC1895A1CE0051274A /* SVColorButton.m in Sources */,
				4DA11951188D89AB008A8688 /* SVGameViewController.m in Sources */,
				4D154D871892BB0E00E8E303 /* SVBoardView.m in Sources */,
				4DE07FF7188C477D00A3251A /* SVPosition.m in Sources */,
				4DFEBBE2189691F30051274A /* SVInfoWallView.m in Sources */,
				4D06AC74188A976C00ED425F /* main.m in Sources */,
				4DD226F51890295D0095D71D /* SVWall.m in Sources */,
				4D154D841892B97100E8E303 /* SVPawnView.m in Sources */,
				4DA11954188D89D7008A8688 /* SVSquareView.m in Sources */,
				4DB703D718981AD200324B2A /* SVRootViewController.m in Sources */,
				4D06AC78188A976C00ED425F /* SVAppDelegate.m in Sources */,
				4DA80C3818955B8600C7F541 /* SVCustomView.m in Sources */,
			);
			runOnlyForDeploymentPostprocessing = 0;
		};
		4D06AC7B188A976C00ED425F /* Sources */ = {
			isa = PBXSourcesBuildPhase;
			buildActionMask = 2147483647;
			files = (
				4DD226F7189033F70095D71D /* SVWallTest.m in Sources */,
				4DF62C32188C28AB00ED83D4 /* SVBoardTest.m in Sources */,
				4DD226F9189034020095D71D /* SVPositionTest.m in Sources */,
			);
			runOnlyForDeploymentPostprocessing = 0;
		};
/* End PBXSourcesBuildPhase section */

/* Begin PBXTargetDependency section */
		4D06AC85188A976C00ED425F /* PBXTargetDependency */ = {
			isa = PBXTargetDependency;
			target = 4D06AC63188A976C00ED425F /* Walls */;
			targetProxy = 4D06AC84188A976C00ED425F /* PBXContainerItemProxy */;
		};
/* End PBXTargetDependency section */

/* Begin PBXVariantGroup section */
		4D06AC70188A976C00ED425F /* InfoPlist.strings */ = {
			isa = PBXVariantGroup;
			children = (
				4D06AC71188A976C00ED425F /* en */,
			);
			name = InfoPlist.strings;
			sourceTree = "<group>";
		};
		4D06AC89188A976C00ED425F /* InfoPlist.strings */ = {
			isa = PBXVariantGroup;
			children = (
				4D06AC8A188A976C00ED425F /* en */,
			);
			name = InfoPlist.strings;
			sourceTree = "<group>";
		};
/* End PBXVariantGroup section */

/* Begin XCBuildConfiguration section */
		4D06AC8E188A976C00ED425F /* Debug */ = {
			isa = XCBuildConfiguration;
			buildSettings = {
				ALWAYS_SEARCH_USER_PATHS = NO;
				ARCHS = "$(ARCHS_STANDARD_INCLUDING_64_BIT)";
				CLANG_CXX_LANGUAGE_STANDARD = "gnu++0x";
				CLANG_CXX_LIBRARY = "libc++";
				CLANG_ENABLE_MODULES = YES;
				CLANG_ENABLE_OBJC_ARC = YES;
				CLANG_WARN_BOOL_CONVERSION = YES;
				CLANG_WARN_CONSTANT_CONVERSION = YES;
				CLANG_WARN_DIRECT_OBJC_ISA_USAGE = YES_ERROR;
				CLANG_WARN_EMPTY_BODY = YES;
				CLANG_WARN_ENUM_CONVERSION = YES;
				CLANG_WARN_INT_CONVERSION = YES;
				CLANG_WARN_OBJC_ROOT_CLASS = YES_ERROR;
				CLANG_WARN__DUPLICATE_METHOD_MATCH = YES;
				"CODE_SIGN_IDENTITY[sdk=iphoneos*]" = "iPhone Developer";
				COPY_PHASE_STRIP = NO;
				GCC_C_LANGUAGE_STANDARD = gnu99;
				GCC_DYNAMIC_NO_PIC = NO;
				GCC_OPTIMIZATION_LEVEL = 0;
				GCC_PREPROCESSOR_DEFINITIONS = (
					"DEBUG=1",
					"$(inherited)",
				);
				GCC_SYMBOLS_PRIVATE_EXTERN = NO;
				GCC_WARN_64_TO_32_BIT_CONVERSION = YES;
				GCC_WARN_ABOUT_RETURN_TYPE = YES_ERROR;
				GCC_WARN_UNDECLARED_SELECTOR = YES;
				GCC_WARN_UNINITIALIZED_AUTOS = YES;
				GCC_WARN_UNUSED_FUNCTION = YES;
				GCC_WARN_UNUSED_VARIABLE = YES;
				IPHONEOS_DEPLOYMENT_TARGET = 7.0;
				ONLY_ACTIVE_ARCH = YES;
				SDKROOT = iphoneos;
				TARGETED_DEVICE_FAMILY = "1,2";
			};
			name = Debug;
		};
		4D06AC8F188A976C00ED425F /* Release */ = {
			isa = XCBuildConfiguration;
			buildSettings = {
				ALWAYS_SEARCH_USER_PATHS = NO;
				ARCHS = "$(ARCHS_STANDARD_INCLUDING_64_BIT)";
				CLANG_CXX_LANGUAGE_STANDARD = "gnu++0x";
				CLANG_CXX_LIBRARY = "libc++";
				CLANG_ENABLE_MODULES = YES;
				CLANG_ENABLE_OBJC_ARC = YES;
				CLANG_WARN_BOOL_CONVERSION = YES;
				CLANG_WARN_CONSTANT_CONVERSION = YES;
				CLANG_WARN_DIRECT_OBJC_ISA_USAGE = YES_ERROR;
				CLANG_WARN_EMPTY_BODY = YES;
				CLANG_WARN_ENUM_CONVERSION = YES;
				CLANG_WARN_INT_CONVERSION = YES;
				CLANG_WARN_OBJC_ROOT_CLASS = YES_ERROR;
				CLANG_WARN__DUPLICATE_METHOD_MATCH = YES;
				"CODE_SIGN_IDENTITY[sdk=iphoneos*]" = "iPhone Developer";
				COPY_PHASE_STRIP = YES;
				ENABLE_NS_ASSERTIONS = NO;
				GCC_C_LANGUAGE_STANDARD = gnu99;
				GCC_WARN_64_TO_32_BIT_CONVERSION = YES;
				GCC_WARN_ABOUT_RETURN_TYPE = YES_ERROR;
				GCC_WARN_UNDECLARED_SELECTOR = YES;
				GCC_WARN_UNINITIALIZED_AUTOS = YES;
				GCC_WARN_UNUSED_FUNCTION = YES;
				GCC_WARN_UNUSED_VARIABLE = YES;
				IPHONEOS_DEPLOYMENT_TARGET = 7.0;
				SDKROOT = iphoneos;
				TARGETED_DEVICE_FAMILY = "1,2";
				VALIDATE_PRODUCT = YES;
			};
			name = Release;
		};
		4D06AC91188A976C00ED425F /* Debug */ = {
			isa = XCBuildConfiguration;
			buildSettings = {
				ASSETCATALOG_COMPILER_APPICON_NAME = AppIcon;
				ASSETCATALOG_COMPILER_LAUNCHIMAGE_NAME = LaunchImage;
				CODE_SIGN_IDENTITY = "iPhone Developer";
				"CODE_SIGN_IDENTITY[sdk=iphoneos*]" = "iPhone Developer";
				GCC_PRECOMPILE_PREFIX_HEADER = YES;
				GCC_PREFIX_HEADER = "Walls/Walls-Prefix.pch";
				INFOPLIST_FILE = "Walls/Walls-Info.plist";
				PRODUCT_NAME = "$(TARGET_NAME)";
				PROVISIONING_PROFILE = "";
				WRAPPER_EXTENSION = app;
			};
			name = Debug;
		};
		4D06AC92188A976C00ED425F /* Release */ = {
			isa = XCBuildConfiguration;
			buildSettings = {
				ASSETCATALOG_COMPILER_APPICON_NAME = AppIcon;
				ASSETCATALOG_COMPILER_LAUNCHIMAGE_NAME = LaunchImage;
				CODE_SIGN_IDENTITY = "iPhone Developer";
				"CODE_SIGN_IDENTITY[sdk=iphoneos*]" = "iPhone Developer";
				GCC_PRECOMPILE_PREFIX_HEADER = YES;
				GCC_PREFIX_HEADER = "Walls/Walls-Prefix.pch";
				INFOPLIST_FILE = "Walls/Walls-Info.plist";
				PRODUCT_NAME = "$(TARGET_NAME)";
				PROVISIONING_PROFILE = "";
				WRAPPER_EXTENSION = app;
			};
			name = Release;
		};
		4D06AC94188A976C00ED425F /* Debug */ = {
			isa = XCBuildConfiguration;
			buildSettings = {
				ARCHS = "$(ARCHS_STANDARD_INCLUDING_64_BIT)";
				BUNDLE_LOADER = "$(BUILT_PRODUCTS_DIR)/Walls.app/Walls";
				FRAMEWORK_SEARCH_PATHS = (
					"$(SDKROOT)/Developer/Library/Frameworks",
					"$(inherited)",
					"$(DEVELOPER_FRAMEWORKS_DIR)",
				);
				GCC_PRECOMPILE_PREFIX_HEADER = YES;
				GCC_PREFIX_HEADER = "Walls/Walls-Prefix.pch";
				GCC_PREPROCESSOR_DEFINITIONS = (
					"DEBUG=1",
					"$(inherited)",
				);
				INFOPLIST_FILE = "WallsTests/WallsTests-Info.plist";
				PRODUCT_NAME = "$(TARGET_NAME)";
				TEST_HOST = "$(BUNDLE_LOADER)";
				WRAPPER_EXTENSION = xctest;
			};
			name = Debug;
		};
		4D06AC95188A976C00ED425F /* Release */ = {
			isa = XCBuildConfiguration;
			buildSettings = {
				ARCHS = "$(ARCHS_STANDARD_INCLUDING_64_BIT)";
				BUNDLE_LOADER = "$(BUILT_PRODUCTS_DIR)/Walls.app/Walls";
				FRAMEWORK_SEARCH_PATHS = (
					"$(SDKROOT)/Developer/Library/Frameworks",
					"$(inherited)",
					"$(DEVELOPER_FRAMEWORKS_DIR)",
				);
				GCC_PRECOMPILE_PREFIX_HEADER = YES;
				GCC_PREFIX_HEADER = "Walls/Walls-Prefix.pch";
				INFOPLIST_FILE = "WallsTests/WallsTests-Info.plist";
				PRODUCT_NAME = "$(TARGET_NAME)";
				TEST_HOST = "$(BUNDLE_LOADER)";
				WRAPPER_EXTENSION = xctest;
			};
			name = Release;
		};
/* End XCBuildConfiguration section */

/* Begin XCConfigurationList section */
		4D06AC5F188A976C00ED425F /* Build configuration list for PBXProject "Walls" */ = {
			isa = XCConfigurationList;
			buildConfigurations = (
				4D06AC8E188A976C00ED425F /* Debug */,
				4D06AC8F188A976C00ED425F /* Release */,
			);
			defaultConfigurationIsVisible = 0;
			defaultConfigurationName = Release;
		};
		4D06AC90188A976C00ED425F /* Build configuration list for PBXNativeTarget "Walls" */ = {
			isa = XCConfigurationList;
			buildConfigurations = (
				4D06AC91188A976C00ED425F /* Debug */,
				4D06AC92188A976C00ED425F /* Release */,
			);
			defaultConfigurationIsVisible = 0;
			defaultConfigurationName = Release;
		};
		4D06AC93188A976C00ED425F /* Build configuration list for PBXNativeTarget "WallsTests" */ = {
			isa = XCConfigurationList;
			buildConfigurations = (
				4D06AC94188A976C00ED425F /* Debug */,
				4D06AC95188A976C00ED425F /* Release */,
			);
			defaultConfigurationIsVisible = 0;
			defaultConfigurationName = Release;
		};
/* End XCConfigurationList section */
	};
	rootObject = 4D06AC5C188A976C00ED425F /* Project object */;
}
